// !$*UTF8*$!
{
	archiveVersion = 1;
	classes = {
	};
	objectVersion = 46;
	objects = {

/* Begin PBXBuildFile section */
		1F19E3BD19CD4CD300A4446C /* logo2.png in Resources */ = {isa = PBXBuildFile; fileRef = 1F19E3BC19CD4CD300A4446C /* logo2.png */; };
		1F19E3BF19CD4FAB00A4446C /* mainlog.png in Resources */ = {isa = PBXBuildFile; fileRef = 1F19E3BE19CD4FAB00A4446C /* mainlog.png */; };
		1FDB811719CD2F0D00EFA8D9 /* main.m in Sources */ = {isa = PBXBuildFile; fileRef = 1FDB811619CD2F0D00EFA8D9 /* main.m */; };
		1FDB811A19CD2F0D00EFA8D9 /* AppDelegate.m in Sources */ = {isa = PBXBuildFile; fileRef = 1FDB811919CD2F0D00EFA8D9 /* AppDelegate.m */; };
		1FDB811C19CD2F0D00EFA8D9 /* Images.xcassets in Resources */ = {isa = PBXBuildFile; fileRef = 1FDB811B19CD2F0D00EFA8D9 /* Images.xcassets */; };
		1FDB811F19CD2F0D00EFA8D9 /* MainMenu.xib in Resources */ = {isa = PBXBuildFile; fileRef = 1FDB811D19CD2F0D00EFA8D9 /* MainMenu.xib */; };
		1FDB812B19CD2F0D00EFA8D9 /* HeyJarvisTests.m in Sources */ = {isa = PBXBuildFile; fileRef = 1FDB812A19CD2F0D00EFA8D9 /* HeyJarvisTests.m */; };
		333918580ADC4474AB6423DC /* libPods-HeyJarvis.a in Frameworks */ = {isa = PBXBuildFile; fileRef = 1B112B5D9F034DCFB9630081 /* libPods-HeyJarvis.a */; };
		6C85738D19CD52C0004D8B57 /* ActionHandler.m in Sources */ = {isa = PBXBuildFile; fileRef = 6C85738C19CD52C0004D8B57 /* ActionHandler.m */; };
		F42B918519CD46B100E53CFE /* logo.png in Resources */ = {isa = PBXBuildFile; fileRef = F42B918419CD46B100E53CFE /* logo.png */; };
/* End PBXBuildFile section */

/* Begin PBXContainerItemProxy section */
		1FDB812519CD2F0D00EFA8D9 /* PBXContainerItemProxy */ = {
			isa = PBXContainerItemProxy;
			containerPortal = 1FDB810919CD2F0D00EFA8D9 /* Project object */;
			proxyType = 1;
			remoteGlobalIDString = 1FDB811019CD2F0D00EFA8D9;
			remoteInfo = HeyJarvis;
		};
/* End PBXContainerItemProxy section */

/* Begin PBXFileReference section */
		1B112B5D9F034DCFB9630081 /* libPods-HeyJarvis.a */ = {isa = PBXFileReference; explicitFileType = archive.ar; includeInIndex = 0; path = "libPods-HeyJarvis.a"; sourceTree = BUILT_PRODUCTS_DIR; };
		1F19E3BC19CD4CD300A4446C /* logo2.png */ = {isa = PBXFileReference; lastKnownFileType = image.png; path = logo2.png; sourceTree = "<group>"; };
		1F19E3BE19CD4FAB00A4446C /* mainlog.png */ = {isa = PBXFileReference; lastKnownFileType = image.png; path = mainlog.png; sourceTree = "<group>"; };
		1FDB811119CD2F0D00EFA8D9 /* HeyJarvis.app */ = {isa = PBXFileReference; explicitFileType = wrapper.application; includeInIndex = 0; path = HeyJarvis.app; sourceTree = BUILT_PRODUCTS_DIR; };
		1FDB811519CD2F0D00EFA8D9 /* Info.plist */ = {isa = PBXFileReference; lastKnownFileType = text.plist.xml; path = Info.plist; sourceTree = "<group>"; };
		1FDB811619CD2F0D00EFA8D9 /* main.m */ = {isa = PBXFileReference; lastKnownFileType = sourcecode.c.objc; path = main.m; sourceTree = "<group>"; };
		1FDB811819CD2F0D00EFA8D9 /* AppDelegate.h */ = {isa = PBXFileReference; lastKnownFileType = sourcecode.c.h; path = AppDelegate.h; sourceTree = "<group>"; };
		1FDB811919CD2F0D00EFA8D9 /* AppDelegate.m */ = {isa = PBXFileReference; lastKnownFileType = sourcecode.c.objc; path = AppDelegate.m; sourceTree = "<group>"; };
		1FDB811B19CD2F0D00EFA8D9 /* Images.xcassets */ = {isa = PBXFileReference; lastKnownFileType = folder.assetcatalog; path = Images.xcassets; sourceTree = "<group>"; };
		1FDB811E19CD2F0D00EFA8D9 /* Base */ = {isa = PBXFileReference; lastKnownFileType = file.xib; name = Base; path = Base.lproj/MainMenu.xib; sourceTree = "<group>"; };
		1FDB812419CD2F0D00EFA8D9 /* HeyJarvisTests.xctest */ = {isa = PBXFileReference; explicitFileType = wrapper.cfbundle; includeInIndex = 0; path = HeyJarvisTests.xctest; sourceTree = BUILT_PRODUCTS_DIR; };
		1FDB812919CD2F0D00EFA8D9 /* Info.plist */ = {isa = PBXFileReference; lastKnownFileType = text.plist.xml; path = Info.plist; sourceTree = "<group>"; };
		1FDB812A19CD2F0D00EFA8D9 /* HeyJarvisTests.m */ = {isa = PBXFileReference; lastKnownFileType = sourcecode.c.objc; path = HeyJarvisTests.m; sourceTree = "<group>"; };
		6C85738B19CD52C0004D8B57 /* ActionHandler.h */ = {isa = PBXFileReference; fileEncoding = 4; lastKnownFileType = sourcecode.c.h; path = ActionHandler.h; sourceTree = "<group>"; };
		6C85738C19CD52C0004D8B57 /* ActionHandler.m */ = {isa = PBXFileReference; fileEncoding = 4; lastKnownFileType = sourcecode.c.objc; path = ActionHandler.m; sourceTree = "<group>"; };
		C0E47413CBA341FF914F152F /* Pods-HeyJarvis.xcconfig */ = {isa = PBXFileReference; includeInIndex = 1; lastKnownFileType = text.xcconfig; name = "Pods-HeyJarvis.xcconfig"; path = "Pods/Pods-HeyJarvis.xcconfig"; sourceTree = "<group>"; };
		F42B918419CD46B100E53CFE /* logo.png */ = {isa = PBXFileReference; lastKnownFileType = image.png; path = logo.png; sourceTree = "<group>"; };
/* End PBXFileReference section */

/* Begin PBXFrameworksBuildPhase section */
		1FDB810E19CD2F0D00EFA8D9 /* Frameworks */ = {
			isa = PBXFrameworksBuildPhase;
			buildActionMask = 2147483647;
			files = (
				333918580ADC4474AB6423DC /* libPods-HeyJarvis.a in Frameworks */,
			);
			runOnlyForDeploymentPostprocessing = 0;
		};
		1FDB812119CD2F0D00EFA8D9 /* Frameworks */ = {
			isa = PBXFrameworksBuildPhase;
			buildActionMask = 2147483647;
			files = (
			);
			runOnlyForDeploymentPostprocessing = 0;
		};
/* End PBXFrameworksBuildPhase section */

/* Begin PBXGroup section */
		1FDB810819CD2F0D00EFA8D9 = {
			isa = PBXGroup;
			children = (
				F42B918319CD45D500E53CFE /* Icons */,
				1FDB811319CD2F0D00EFA8D9 /* HeyJarvis */,
				1FDB812719CD2F0D00EFA8D9 /* HeyJarvisTests */,
				1FDB811219CD2F0D00EFA8D9 /* Products */,
				C0E47413CBA341FF914F152F /* Pods-HeyJarvis.xcconfig */,
				DF80605E35C1499388BCA498 /* Frameworks */,
			);
			sourceTree = "<group>";
		};
		1FDB811219CD2F0D00EFA8D9 /* Products */ = {
			isa = PBXGroup;
			children = (
				1FDB811119CD2F0D00EFA8D9 /* HeyJarvis.app */,
				1FDB812419CD2F0D00EFA8D9 /* HeyJarvisTests.xctest */,
			);
			name = Products;
			sourceTree = "<group>";
		};
		1FDB811319CD2F0D00EFA8D9 /* HeyJarvis */ = {
			isa = PBXGroup;
			children = (
				1FDB811819CD2F0D00EFA8D9 /* AppDelegate.h */,
				1FDB811919CD2F0D00EFA8D9 /* AppDelegate.m */,
				1FDB811B19CD2F0D00EFA8D9 /* Images.xcassets */,
				1FDB811D19CD2F0D00EFA8D9 /* MainMenu.xib */,
				6C85738B19CD52C0004D8B57 /* ActionHandler.h */,
				6C85738C19CD52C0004D8B57 /* ActionHandler.m */,
				1FDB811419CD2F0D00EFA8D9 /* Supporting Files */,
			);
			path = HeyJarvis;
			sourceTree = "<group>";
		};
		1FDB811419CD2F0D00EFA8D9 /* Supporting Files */ = {
			isa = PBXGroup;
			children = (
				1FDB811519CD2F0D00EFA8D9 /* Info.plist */,
				1FDB811619CD2F0D00EFA8D9 /* main.m */,
			);
			name = "Supporting Files";
			sourceTree = "<group>";
		};
		1FDB812719CD2F0D00EFA8D9 /* HeyJarvisTests */ = {
			isa = PBXGroup;
			children = (
				1FDB812A19CD2F0D00EFA8D9 /* HeyJarvisTests.m */,
				1FDB812819CD2F0D00EFA8D9 /* Supporting Files */,
			);
			path = HeyJarvisTests;
			sourceTree = "<group>";
		};
		1FDB812819CD2F0D00EFA8D9 /* Supporting Files */ = {
			isa = PBXGroup;
			children = (
				1FDB812919CD2F0D00EFA8D9 /* Info.plist */,
			);
			name = "Supporting Files";
			sourceTree = "<group>";
		};
		DF80605E35C1499388BCA498 /* Frameworks */ = {
			isa = PBXGroup;
			children = (
				1B112B5D9F034DCFB9630081 /* libPods-HeyJarvis.a */,
			);
			name = Frameworks;
			sourceTree = "<group>";
		};
		F42B918319CD45D500E53CFE /* Icons */ = {
			isa = PBXGroup;
			children = (
				F42B918419CD46B100E53CFE /* logo.png */,
				1F19E3BC19CD4CD300A4446C /* logo2.png */,
				1F19E3BE19CD4FAB00A4446C /* mainlog.png */,
			);
			name = Icons;
			sourceTree = "<group>";
		};
/* End PBXGroup section */

/* Begin PBXNativeTarget section */
		1FDB811019CD2F0D00EFA8D9 /* HeyJarvis */ = {
			isa = PBXNativeTarget;
			buildConfigurationList = 1FDB812E19CD2F0D00EFA8D9 /* Build configuration list for PBXNativeTarget "HeyJarvis" */;
			buildPhases = (
				DDAA1403BAE64969B8D356F4 /* Check Pods Manifest.lock */,
				1FDB810D19CD2F0D00EFA8D9 /* Sources */,
				1FDB810E19CD2F0D00EFA8D9 /* Frameworks */,
				1FDB810F19CD2F0D00EFA8D9 /* Resources */,
				45EB0C1B97644A33BEF08B0E /* Copy Pods Resources */,
			);
			buildRules = (
			);
			dependencies = (
			);
			name = HeyJarvis;
			productName = HeyJarvis;
			productReference = 1FDB811119CD2F0D00EFA8D9 /* HeyJarvis.app */;
			productType = "com.apple.product-type.application";
		};
		1FDB812319CD2F0D00EFA8D9 /* HeyJarvisTests */ = {
			isa = PBXNativeTarget;
			buildConfigurationList = 1FDB813119CD2F0D00EFA8D9 /* Build configuration list for PBXNativeTarget "HeyJarvisTests" */;
			buildPhases = (
				1FDB812019CD2F0D00EFA8D9 /* Sources */,
				1FDB812119CD2F0D00EFA8D9 /* Frameworks */,
				1FDB812219CD2F0D00EFA8D9 /* Resources */,
			);
			buildRules = (
			);
			dependencies = (
				1FDB812619CD2F0D00EFA8D9 /* PBXTargetDependency */,
			);
			name = HeyJarvisTests;
			productName = HeyJarvisTests;
			productReference = 1FDB812419CD2F0D00EFA8D9 /* HeyJarvisTests.xctest */;
			productType = "com.apple.product-type.bundle.unit-test";
		};
/* End PBXNativeTarget section */

/* Begin PBXProject section */
		1FDB810919CD2F0D00EFA8D9 /* Project object */ = {
			isa = PBXProject;
			attributes = {
				LastUpgradeCheck = 0600;
				ORGANIZATIONNAME = "Hicham Abou Jaoude";
				TargetAttributes = {
					1FDB811019CD2F0D00EFA8D9 = {
						CreatedOnToolsVersion = 6.0;
					};
					1FDB812319CD2F0D00EFA8D9 = {
						CreatedOnToolsVersion = 6.0;
						TestTargetID = 1FDB811019CD2F0D00EFA8D9;
					};
				};
			};
			buildConfigurationList = 1FDB810C19CD2F0D00EFA8D9 /* Build configuration list for PBXProject "HeyJarvis" */;
			compatibilityVersion = "Xcode 3.2";
			developmentRegion = English;
			hasScannedForEncodings = 0;
			knownRegions = (
				en,
				Base,
			);
			mainGroup = 1FDB810819CD2F0D00EFA8D9;
			productRefGroup = 1FDB811219CD2F0D00EFA8D9 /* Products */;
			projectDirPath = "";
			projectRoot = "";
			targets = (
				1FDB811019CD2F0D00EFA8D9 /* HeyJarvis */,
				1FDB812319CD2F0D00EFA8D9 /* HeyJarvisTests */,
			);
		};
/* End PBXProject section */

/* Begin PBXResourcesBuildPhase section */
		1FDB810F19CD2F0D00EFA8D9 /* Resources */ = {
			isa = PBXResourcesBuildPhase;
			buildActionMask = 2147483647;
			files = (
				1F19E3BF19CD4FAB00A4446C /* mainlog.png in Resources */,
				1FDB811C19CD2F0D00EFA8D9 /* Images.xcassets in Resources */,
				1FDB811F19CD2F0D00EFA8D9 /* MainMenu.xib in Resources */,
				F42B918519CD46B100E53CFE /* logo.png in Resources */,
				1F19E3BD19CD4CD300A4446C /* logo2.png in Resources */,
			);
			runOnlyForDeploymentPostprocessing = 0;
		};
		1FDB812219CD2F0D00EFA8D9 /* Resources */ = {
			isa = PBXResourcesBuildPhase;
			buildActionMask = 2147483647;
			files = (
			);
			runOnlyForDeploymentPostprocessing = 0;
		};
/* End PBXResourcesBuildPhase section */

/* Begin PBXShellScriptBuildPhase section */
		45EB0C1B97644A33BEF08B0E /* Copy Pods Resources */ = {
			isa = PBXShellScriptBuildPhase;
			buildActionMask = 2147483647;
			files = (
			);
			inputPaths = (
			);
			name = "Copy Pods Resources";
			outputPaths = (
			);
			runOnlyForDeploymentPostprocessing = 0;
			shellPath = /bin/sh;
			shellScript = "\"${SRCROOT}/Pods/Pods-HeyJarvis-resources.sh\"\n";
			showEnvVarsInLog = 0;
		};
		DDAA1403BAE64969B8D356F4 /* Check Pods Manifest.lock */ = {
			isa = PBXShellScriptBuildPhase;
			buildActionMask = 2147483647;
			files = (
			);
			inputPaths = (
			);
			name = "Check Pods Manifest.lock";
			outputPaths = (
			);
			runOnlyForDeploymentPostprocessing = 0;
			shellPath = /bin/sh;
			shellScript = "diff \"${PODS_ROOT}/../Podfile.lock\" \"${PODS_ROOT}/Manifest.lock\" > /dev/null\nif [[ $? != 0 ]] ; then\n    cat << EOM\nerror: The sandbox is not in sync with the Podfile.lock. Run 'pod install' or update your CocoaPods installation.\nEOM\n    exit 1\nfi\n";
			showEnvVarsInLog = 0;
		};
/* End PBXShellScriptBuildPhase section */

/* Begin PBXSourcesBuildPhase section */
		1FDB810D19CD2F0D00EFA8D9 /* Sources */ = {
			isa = PBXSourcesBuildPhase;
			buildActionMask = 2147483647;
			files = (
				6C85738D19CD52C0004D8B57 /* ActionHandler.m in Sources */,
				1FDB811A19CD2F0D00EFA8D9 /* AppDelegate.m in Sources */,
				1FDB811719CD2F0D00EFA8D9 /* main.m in Sources */,
			);
			runOnlyForDeploymentPostprocessing = 0;
		};
		1FDB812019CD2F0D00EFA8D9 /* Sources */ = {
			isa = PBXSourcesBuildPhase;
			buildActionMask = 2147483647;
			files = (
				1FDB812B19CD2F0D00EFA8D9 /* HeyJarvisTests.m in Sources */,
			);
			runOnlyForDeploymentPostprocessing = 0;
		};
/* End PBXSourcesBuildPhase section */

/* Begin PBXTargetDependency section */
		1FDB812619CD2F0D00EFA8D9 /* PBXTargetDependency */ = {
			isa = PBXTargetDependency;
			target = 1FDB811019CD2F0D00EFA8D9 /* HeyJarvis */;
			targetProxy = 1FDB812519CD2F0D00EFA8D9 /* PBXContainerItemProxy */;
		};
/* End PBXTargetDependency section */

/* Begin PBXVariantGroup section */
		1FDB811D19CD2F0D00EFA8D9 /* MainMenu.xib */ = {
			isa = PBXVariantGroup;
			children = (
				1FDB811E19CD2F0D00EFA8D9 /* Base */,
			);
			name = MainMenu.xib;
			sourceTree = "<group>";
		};
/* End PBXVariantGroup section */

/* Begin XCBuildConfiguration section */
		1FDB812C19CD2F0D00EFA8D9 /* Debug */ = {
			isa = XCBuildConfiguration;
			buildSettings = {
				ALWAYS_SEARCH_USER_PATHS = NO;
				CLANG_CXX_LANGUAGE_STANDARD = "gnu++0x";
				CLANG_CXX_LIBRARY = "libc++";
				CLANG_ENABLE_MODULES = YES;
				CLANG_ENABLE_OBJC_ARC = YES;
				CLANG_WARN_BOOL_CONVERSION = YES;
				CLANG_WARN_CONSTANT_CONVERSION = YES;
				CLANG_WARN_DIRECT_OBJC_ISA_USAGE = YES_ERROR;
				CLANG_WARN_EMPTY_BODY = YES;
				CLANG_WARN_ENUM_CONVERSION = YES;
				CLANG_WARN_INT_CONVERSION = YES;
				CLANG_WARN_OBJC_ROOT_CLASS = YES_ERROR;
				CLANG_WARN_UNREACHABLE_CODE = YES;
				CLANG_WARN__DUPLICATE_METHOD_MATCH = YES;
				CODE_SIGN_IDENTITY = "-";
				COPY_PHASE_STRIP = NO;
				ENABLE_STRICT_OBJC_MSGSEND = YES;
				GCC_C_LANGUAGE_STANDARD = gnu99;
				GCC_DYNAMIC_NO_PIC = NO;
				GCC_OPTIMIZATION_LEVEL = 0;
				GCC_PREPROCESSOR_DEFINITIONS = (
					"DEBUG=1",
					"$(inherited)",
				);
				GCC_SYMBOLS_PRIVATE_EXTERN = NO;
				GCC_WARN_64_TO_32_BIT_CONVERSION = YES;
				GCC_WARN_ABOUT_RETURN_TYPE = YES_ERROR;
				GCC_WARN_UNDECLARED_SELECTOR = YES;
				GCC_WARN_UNINITIALIZED_AUTOS = YES_AGGRESSIVE;
				GCC_WARN_UNUSED_FUNCTION = YES;
				GCC_WARN_UNUSED_VARIABLE = YES;
				MACOSX_DEPLOYMENT_TARGET = 10.9;
				MTL_ENABLE_DEBUG_INFO = YES;
				ONLY_ACTIVE_ARCH = YES;
				SDKROOT = macosx;
			};
			name = Debug;
		};
		1FDB812D19CD2F0D00EFA8D9 /* Release */ = {
			isa = XCBuildConfiguration;
			buildSettings = {
				ALWAYS_SEARCH_USER_PATHS = NO;
				CLANG_CXX_LANGUAGE_STANDARD = "gnu++0x";
				CLANG_CXX_LIBRARY = "libc++";
				CLANG_ENABLE_MODULES = YES;
				CLANG_ENABLE_OBJC_ARC = YES;
				CLANG_WARN_BOOL_CONVERSION = YES;
				CLANG_WARN_CONSTANT_CONVERSION = YES;
				CLANG_WARN_DIRECT_OBJC_ISA_USAGE = YES_ERROR;
				CLANG_WARN_EMPTY_BODY = YES;
				CLANG_WARN_ENUM_CONVERSION = YES;
				CLANG_WARN_INT_CONVERSION = YES;
				CLANG_WARN_OBJC_ROOT_CLASS = YES_ERROR;
				CLANG_WARN_UNREACHABLE_CODE = YES;
				CLANG_WARN__DUPLICATE_METHOD_MATCH = YES;
				CODE_SIGN_IDENTITY = "-";
				COPY_PHASE_STRIP = YES;
				DEBUG_INFORMATION_FORMAT = "dwarf-with-dsym";
				ENABLE_NS_ASSERTIONS = NO;
				ENABLE_STRICT_OBJC_MSGSEND = YES;
				GCC_C_LANGUAGE_STANDARD = gnu99;
				GCC_WARN_64_TO_32_BIT_CONVERSION = YES;
				GCC_WARN_ABOUT_RETURN_TYPE = YES_ERROR;
				GCC_WARN_UNDECLARED_SELECTOR = YES;
				GCC_WARN_UNINITIALIZED_AUTOS = YES_AGGRESSIVE;
				GCC_WARN_UNUSED_FUNCTION = YES;
				GCC_WARN_UNUSED_VARIABLE = YES;
				MACOSX_DEPLOYMENT_TARGET = 10.9;
				MTL_ENABLE_DEBUG_INFO = NO;
				SDKROOT = macosx;
			};
			name = Release;
		};
		1FDB812F19CD2F0D00EFA8D9 /* Debug */ = {
			isa = XCBuildConfiguration;
			baseConfigurationReference = C0E47413CBA341FF914F152F /* Pods-HeyJarvis.xcconfig */;
			buildSettings = {
				ASSETCATALOG_COMPILER_APPICON_NAME = AppIcon;
				COMBINE_HIDPI_IMAGES = YES;
				INFOPLIST_FILE = HeyJarvis/Info.plist;
				LD_RUNPATH_SEARCH_PATHS = "$(inherited) @executable_path/../Frameworks";
				PRODUCT_NAME = "$(TARGET_NAME)";
			};
			name = Debug;
		};
		1FDB813019CD2F0D00EFA8D9 /* Release */ = {
			isa = XCBuildConfiguration;
			baseConfigurationReference = C0E47413CBA341FF914F152F /* Pods-HeyJarvis.xcconfig */;
			buildSettings = {
				ASSETCATALOG_COMPILER_APPICON_NAME = AppIcon;
				COMBINE_HIDPI_IMAGES = YES;
				INFOPLIST_FILE = HeyJarvis/Info.plist;
				LD_RUNPATH_SEARCH_PATHS = "$(inherited) @executable_path/../Frameworks";
				PRODUCT_NAME = "$(TARGET_NAME)";
			};
			name = Release;
		};
		1FDB813219CD2F0D00EFA8D9 /* Debug */ = {
			isa = XCBuildConfiguration;
			buildSettings = {
				BUNDLE_LOADER = "$(TEST_HOST)";
				COMBINE_HIDPI_IMAGES = YES;
				FRAMEWORK_SEARCH_PATHS = (
					"$(DEVELOPER_FRAMEWORKS_DIR)",
					"$(inherited)",
				);
				GCC_PREPROCESSOR_DEFINITIONS = (
					"DEBUG=1",
					"$(inherited)",
				);
				INFOPLIST_FILE = HeyJarvisTests/Info.plist;
				LD_RUNPATH_SEARCH_PATHS = "$(inherited) @executable_path/../Frameworks @loader_path/../Frameworks";
				PRODUCT_NAME = "$(TARGET_NAME)";
				TEST_HOST = "$(BUILT_PRODUCTS_DIR)/HeyJarvis.app/Contents/MacOS/HeyJarvis";
			};
			name = Debug;
		};
		1FDB813319CD2F0D00EFA8D9 /* Release */ = {
			isa = XCBuildConfiguration;
			buildSettings = {
				BUNDLE_LOADER = "$(TEST_HOST)";
				COMBINE_HIDPI_IMAGES = YES;
				FRAMEWORK_SEARCH_PATHS = (
					"$(DEVELOPER_FRAMEWORKS_DIR)",
					"$(inherited)",
				);
				INFOPLIST_FILE = HeyJarvisTests/Info.plist;
				LD_RUNPATH_SEARCH_PATHS = "$(inherited) @executable_path/../Frameworks @loader_path/../Frameworks";
				PRODUCT_NAME = "$(TARGET_NAME)";
				TEST_HOST = "$(BUILT_PRODUCTS_DIR)/HeyJarvis.app/Contents/MacOS/HeyJarvis";
			};
			name = Release;
		};
/* End XCBuildConfiguration section */

/* Begin XCConfigurationList section */
		1FDB810C19CD2F0D00EFA8D9 /* Build configuration list for PBXProject "HeyJarvis" */ = {
			isa = XCConfigurationList;
			buildConfigurations = (
				1FDB812C19CD2F0D00EFA8D9 /* Debug */,
				1FDB812D19CD2F0D00EFA8D9 /* Release */,
			);
			defaultConfigurationIsVisible = 0;
			defaultConfigurationName = Release;
		};
		1FDB812E19CD2F0D00EFA8D9 /* Build configuration list for PBXNativeTarget "HeyJarvis" */ = {
			isa = XCConfigurationList;
			buildConfigurations = (
				1FDB812F19CD2F0D00EFA8D9 /* Debug */,
				1FDB813019CD2F0D00EFA8D9 /* Release */,
			);
			defaultConfigurationIsVisible = 0;
			defaultConfigurationName = Release;
		};
		1FDB813119CD2F0D00EFA8D9 /* Build configuration list for PBXNativeTarget "HeyJarvisTests" */ = {
			isa = XCConfigurationList;
			buildConfigurations = (
				1FDB813219CD2F0D00EFA8D9 /* Debug */,
				1FDB813319CD2F0D00EFA8D9 /* Release */,
			);
			defaultConfigurationIsVisible = 0;
			defaultConfigurationName = Release;
		};
/* End XCConfigurationList section */
	};
	rootObject = 1FDB810919CD2F0D00EFA8D9 /* Project object */;
}
